
Microsoft Visual Studio Solution File, Format Version 12.00
# Visual Studio Version 17
VisualStudioVersion = 17.6.33513.286
MinimumVisualStudioVersion = 10.0.40219.1
Project("{FAE04EC0-301F-11D3-BF4B-00C04F79EFBC}") = "BlazorAndTypescript", "BlazorAndTypescript.csproj", "{579DBD37-C409-4000-9D84-D6641D7D5EE0}"
EndProject
Global
	GlobalSection(SolutionConfigurationPlatforms) = preSolution
		Debug|Any CPU = Debug|Any CPU
		Release|Any CPU = Release|Any CPU
	EndGlobalSection
	GlobalSection(ProjectConfigurationPlatforms) = postSolution
		{579DBD37-C409-4000-9D84-D6641D7D5EE0}.Debug|Any CPU.ActiveCfg = Debug|Any CPU
		{579DBD37-C409-4000-9D84-D6641D7D5EE0}.Debug|Any CPU.Build.0 = Debug|Any CPU
		{579DBD37-C409-4000-9D84-D6641D7D5EE0}.Release|Any CPU.ActiveCfg = Release|Any CPU
		{579DBD37-C409-4000-9D84-D6641D7D5EE0}.Release|Any CPU.Build.0 = Release|Any CPU
	EndGlobalSection
	GlobalSection(SolutionProperties) = preSolution
		HideSolutionNode = FALSE
	EndGlobalSection
	GlobalSection(ExtensibilityGlobals) = postSolution
		SolutionGuid = {D08351FD-4F12-4253-BAE1-3B898FCB71E6}
	EndGlobalSection
EndGlobal
